
Microsoft Visual Studio Solution File, Format Version 12.00
# Visual Studio Version 16
VisualStudioVersion = 16.0.31112.23
MinimumVisualStudioVersion = 10.0.40219.1
Project("{FAE04EC0-301F-11D3-BF4B-00C04F79EFBC}") = "LearningChallenge", "LearningChallenge.csproj", "{404FAB60-8470-431E-9208-90452555BDF6}"
EndProject
Global
	GlobalSection(SolutionConfigurationPlatforms) = preSolution
		Debug|Any CPU = Debug|Any CPU
		Release|Any CPU = Release|Any CPU
	EndGlobalSection
	GlobalSection(ProjectConfigurationPlatforms) = postSolution
		{404FAB60-8470-431E-9208-90452555BDF6}.Debug|Any CPU.ActiveCfg = Debug|Any CPU
		{404FAB60-8470-431E-9208-90452555BDF6}.Debug|Any CPU.Build.0 = Debug|Any CPU
		{404FAB60-8470-431E-9208-90452555BDF6}.Release|Any CPU.ActiveCfg = Release|Any CPU
		{404FAB60-8470-431E-9208-90452555BDF6}.Release|Any CPU.Build.0 = Release|Any CPU
	EndGlobalSection
	GlobalSection(SolutionProperties) = preSolution
		HideSolutionNode = FALSE
	EndGlobalSection
	GlobalSection(ExtensibilityGlobals) = postSolution
		SolutionGuid = {713FF8B0-B18A-4466-BE4A-620B0D065F1E}
	EndGlobalSection
EndGlobal
